// !$*UTF8*$!
{
	archiveVersion = 1;
	classes = {
	};
	objectVersion = 56;
	objects = {

/* Begin PBXBuildFile section */
		561455D2294324740090D949 /* SwiftCoinApp.swift in Sources */ = {isa = PBXBuildFile; fileRef = 561455D1294324740090D949 /* SwiftCoinApp.swift */; };
		561455D4294324740090D949 /* ContentView.swift in Sources */ = {isa = PBXBuildFile; fileRef = 561455D3294324740090D949 /* ContentView.swift */; };
		561455D6294324750090D949 /* Assets.xcassets in Resources */ = {isa = PBXBuildFile; fileRef = 561455D5294324750090D949 /* Assets.xcassets */; };
		561455D9294324750090D949 /* Preview Assets.xcassets in Resources */ = {isa = PBXBuildFile; fileRef = 561455D8294324750090D949 /* Preview Assets.xcassets */; };
		561455EA294325A20090D949 /* HomeView.swift in Sources */ = {isa = PBXBuildFile; fileRef = 561455E9294325A20090D949 /* HomeView.swift */; };
		561455ED294327ED0090D949 /* TopMoversView.swift in Sources */ = {isa = PBXBuildFile; fileRef = 561455EC294327ED0090D949 /* TopMoversView.swift */; };
		561455EF294328010090D949 /* TopMoversItemView.swift in Sources */ = {isa = PBXBuildFile; fileRef = 561455EE294328010090D949 /* TopMoversItemView.swift */; };
		561455F1294332010090D949 /* AllCoinsView.swift in Sources */ = {isa = PBXBuildFile; fileRef = 561455F0294332010090D949 /* AllCoinsView.swift */; };
		561455F32943320F0090D949 /* CoinRowView.swift in Sources */ = {isa = PBXBuildFile; fileRef = 561455F22943320F0090D949 /* CoinRowView.swift */; };
		561455F5294339DF0090D949 /* HomeViewModel.swift in Sources */ = {isa = PBXBuildFile; fileRef = 561455F4294339DF0090D949 /* HomeViewModel.swift */; };
		561455F729433E880090D949 /* Coin.swift in Sources */ = {isa = PBXBuildFile; fileRef = 561455F629433E880090D949 /* Coin.swift */; };
		561455FA294354170090D949 /* Kingfisher in Frameworks */ = {isa = PBXBuildFile; productRef = 561455F9294354170090D949 /* Kingfisher */; };
		561455FC294354DF0090D949 /* Double.swift in Sources */ = {isa = PBXBuildFile; fileRef = 561455FB294354DF0090D949 /* Double.swift */; };
/* End PBXBuildFile section */

/* Begin PBXFileReference section */
		561455CE294324740090D949 /* SwiftCoin.app */ = {isa = PBXFileReference; explicitFileType = wrapper.application; includeInIndex = 0; path = SwiftCoin.app; sourceTree = BUILT_PRODUCTS_DIR; };
		561455D1294324740090D949 /* SwiftCoinApp.swift */ = {isa = PBXFileReference; lastKnownFileType = sourcecode.swift; path = SwiftCoinApp.swift; sourceTree = "<group>"; };
		561455D3294324740090D949 /* ContentView.swift */ = {isa = PBXFileReference; lastKnownFileType = sourcecode.swift; path = ContentView.swift; sourceTree = "<group>"; };
		561455D5294324750090D949 /* Assets.xcassets */ = {isa = PBXFileReference; lastKnownFileType = folder.assetcatalog; path = Assets.xcassets; sourceTree = "<group>"; };
		561455D8294324750090D949 /* Preview Assets.xcassets */ = {isa = PBXFileReference; lastKnownFileType = folder.assetcatalog; path = "Preview Assets.xcassets"; sourceTree = "<group>"; };
		561455E9294325A20090D949 /* HomeView.swift */ = {isa = PBXFileReference; lastKnownFileType = sourcecode.swift; path = HomeView.swift; sourceTree = "<group>"; };
		561455EC294327ED0090D949 /* TopMoversView.swift */ = {isa = PBXFileReference; lastKnownFileType = sourcecode.swift; path = TopMoversView.swift; sourceTree = "<group>"; };
		561455EE294328010090D949 /* TopMoversItemView.swift */ = {isa = PBXFileReference; lastKnownFileType = sourcecode.swift; path = TopMoversItemView.swift; sourceTree = "<group>"; };
		561455F0294332010090D949 /* AllCoinsView.swift */ = {isa = PBXFileReference; lastKnownFileType = sourcecode.swift; path = AllCoinsView.swift; sourceTree = "<group>"; };
		561455F22943320F0090D949 /* CoinRowView.swift */ = {isa = PBXFileReference; lastKnownFileType = sourcecode.swift; path = CoinRowView.swift; sourceTree = "<group>"; };
		561455F4294339DF0090D949 /* HomeViewModel.swift */ = {isa = PBXFileReference; lastKnownFileType = sourcecode.swift; path = HomeViewModel.swift; sourceTree = "<group>"; };
		561455F629433E880090D949 /* Coin.swift */ = {isa = PBXFileReference; lastKnownFileType = sourcecode.swift; path = Coin.swift; sourceTree = "<group>"; };
		561455FB294354DF0090D949 /* Double.swift */ = {isa = PBXFileReference; lastKnownFileType = sourcecode.swift; path = Double.swift; sourceTree = "<group>"; };
/* End PBXFileReference section */

/* Begin PBXFrameworksBuildPhase section */
		561455CB294324740090D949 /* Frameworks */ = {
			isa = PBXFrameworksBuildPhase;
			buildActionMask = 2147483647;
			files = (
				561455FA294354170090D949 /* Kingfisher in Frameworks */,
			);
			runOnlyForDeploymentPostprocessing = 0;
		};
/* End PBXFrameworksBuildPhase section */

/* Begin PBXGroup section */
		561455C5294324740090D949 = {
			isa = PBXGroup;
			children = (
				561455D0294324740090D949 /* SwiftCoin */,
				561455CF294324740090D949 /* Products */,
			);
			sourceTree = "<group>";
		};
		561455CF294324740090D949 /* Products */ = {
			isa = PBXGroup;
			children = (
				561455CE294324740090D949 /* SwiftCoin.app */,
			);
			name = Products;
			sourceTree = "<group>";
		};
		561455D0294324740090D949 /* SwiftCoin */ = {
			isa = PBXGroup;
			children = (
				561455E3294324D10090D949 /* Utils */,
				561455E2294324CF0090D949 /* Extension */,
				561455E1294324CC0090D949 /* Models */,
				561455E0294324C90090D949 /* Core */,
				561455DF2943249D0090D949 /* App */,
				561455D3294324740090D949 /* ContentView.swift */,
				561455D5294324750090D949 /* Assets.xcassets */,
				561455D7294324750090D949 /* Preview Content */,
			);
			path = SwiftCoin;
			sourceTree = "<group>";
		};
		561455D7294324750090D949 /* Preview Content */ = {
			isa = PBXGroup;
			children = (
				561455D8294324750090D949 /* Preview Assets.xcassets */,
			);
			path = "Preview Content";
			sourceTree = "<group>";
		};
		561455DF2943249D0090D949 /* App */ = {
			isa = PBXGroup;
			children = (
				561455D1294324740090D949 /* SwiftCoinApp.swift */,
			);
			path = App;
			sourceTree = "<group>";
		};
		561455E0294324C90090D949 /* Core */ = {
			isa = PBXGroup;
			children = (
				561455E4294325160090D949 /* Home */,
			);
			path = Core;
			sourceTree = "<group>";
		};
		561455E1294324CC0090D949 /* Models */ = {
			isa = PBXGroup;
			children = (
				561455F629433E880090D949 /* Coin.swift */,
			);
			path = Models;
			sourceTree = "<group>";
		};
		561455E2294324CF0090D949 /* Extension */ = {
			isa = PBXGroup;
			children = (
				561455FB294354DF0090D949 /* Double.swift */,
			);
			path = Extension;
			sourceTree = "<group>";
		};
		561455E3294324D10090D949 /* Utils */ = {
			isa = PBXGroup;
			children = (
			);
			path = Utils;
			sourceTree = "<group>";
		};
		561455E4294325160090D949 /* Home */ = {
			isa = PBXGroup;
			children = (
				561455E6294325530090D949 /* Views */,
				561455E5294325510090D949 /* ViewModels */,
			);
			path = Home;
			sourceTree = "<group>";
		};
		561455E5294325510090D949 /* ViewModels */ = {
			isa = PBXGroup;
			children = (
				561455F4294339DF0090D949 /* HomeViewModel.swift */,
			);
			path = ViewModels;
			sourceTree = "<group>";
		};
		561455E6294325530090D949 /* Views */ = {
			isa = PBXGroup;
			children = (
				561455E9294325A20090D949 /* HomeView.swift */,
				561455EC294327ED0090D949 /* TopMoversView.swift */,
				561455EE294328010090D949 /* TopMoversItemView.swift */,
				561455F0294332010090D949 /* AllCoinsView.swift */,
				561455F22943320F0090D949 /* CoinRowView.swift */,
			);
			path = Views;
			sourceTree = "<group>";
		};
/* End PBXGroup section */

/* Begin PBXNativeTarget section */
		561455CD294324740090D949 /* SwiftCoin */ = {
			isa = PBXNativeTarget;
			buildConfigurationList = 561455DC294324750090D949 /* Build configuration list for PBXNativeTarget "SwiftCoin" */;
			buildPhases = (
				561455CA294324740090D949 /* Sources */,
				561455CB294324740090D949 /* Frameworks */,
				561455CC294324740090D949 /* Resources */,
			);
			buildRules = (
			);
			dependencies = (
			);
			name = SwiftCoin;
			packageProductDependencies = (
				561455F9294354170090D949 /* Kingfisher */,
			);
			productName = SwiftCoin;
			productReference = 561455CE294324740090D949 /* SwiftCoin.app */;
			productType = "com.apple.product-type.application";
		};
/* End PBXNativeTarget section */

/* Begin PBXProject section */
		561455C6294324740090D949 /* Project object */ = {
			isa = PBXProject;
			attributes = {
				BuildIndependentTargetsInParallel = 1;
				LastSwiftUpdateCheck = 1410;
				LastUpgradeCheck = 1410;
				TargetAttributes = {
					561455CD294324740090D949 = {
						CreatedOnToolsVersion = 14.1;
					};
				};
			};
			buildConfigurationList = 561455C9294324740090D949 /* Build configuration list for PBXProject "SwiftCoin" */;
			compatibilityVersion = "Xcode 14.0";
			developmentRegion = en;
			hasScannedForEncodings = 0;
			knownRegions = (
				en,
				Base,
			);
			mainGroup = 561455C5294324740090D949;
			packageReferences = (
				561455F8294354170090D949 /* XCRemoteSwiftPackageReference "Kingfisher" */,
			);
			productRefGroup = 561455CF294324740090D949 /* Products */;
			projectDirPath = "";
			projectRoot = "";
			targets = (
				561455CD294324740090D949 /* SwiftCoin */,
			);
		};
/* End PBXProject section */

/* Begin PBXResourcesBuildPhase section */
		561455CC294324740090D949 /* Resources */ = {
			isa = PBXResourcesBuildPhase;
			buildActionMask = 2147483647;
			files = (
				561455D9294324750090D949 /* Preview Assets.xcassets in Resources */,
				561455D6294324750090D949 /* Assets.xcassets in Resources */,
			);
			runOnlyForDeploymentPostprocessing = 0;
		};
/* End PBXResourcesBuildPhase section */

/* Begin PBXSourcesBuildPhase section */
		561455CA294324740090D949 /* Sources */ = {
			isa = PBXSourcesBuildPhase;
			buildActionMask = 2147483647;
			files = (
				561455F729433E880090D949 /* Coin.swift in Sources */,
				561455ED294327ED0090D949 /* TopMoversView.swift in Sources */,
				561455F1294332010090D949 /* AllCoinsView.swift in Sources */,
				561455EA294325A20090D949 /* HomeView.swift in Sources */,
				561455F5294339DF0090D949 /* HomeViewModel.swift in Sources */,
				561455D4294324740090D949 /* ContentView.swift in Sources */,
				561455D2294324740090D949 /* SwiftCoinApp.swift in Sources */,
				561455F32943320F0090D949 /* CoinRowView.swift in Sources */,
				561455FC294354DF0090D949 /* Double.swift in Sources */,
				561455EF294328010090D949 /* TopMoversItemView.swift in Sources */,
			);
			runOnlyForDeploymentPostprocessing = 0;
		};
/* End PBXSourcesBuildPhase section */

/* Begin XCBuildConfiguration section */
		561455DA294324750090D949 /* Debug */ = {
			isa = XCBuildConfiguration;
			buildSettings = {
				ALWAYS_SEARCH_USER_PATHS = NO;
				CLANG_ANALYZER_NONNULL = YES;
				CLANG_ANALYZER_NUMBER_OBJECT_CONVERSION = YES_AGGRESSIVE;
				CLANG_CXX_LANGUAGE_STANDARD = "gnu++20";
				CLANG_ENABLE_MODULES = YES;
				CLANG_ENABLE_OBJC_ARC = YES;
				CLANG_ENABLE_OBJC_WEAK = YES;
				CLANG_WARN_BLOCK_CAPTURE_AUTORELEASING = YES;
				CLANG_WARN_BOOL_CONVERSION = YES;
				CLANG_WARN_COMMA = YES;
				CLANG_WARN_CONSTANT_CONVERSION = YES;
				CLANG_WARN_DEPRECATED_OBJC_IMPLEMENTATIONS = YES;
				CLANG_WARN_DIRECT_OBJC_ISA_USAGE = YES_ERROR;
				CLANG_WARN_DOCUMENTATION_COMMENTS = YES;
				CLANG_WARN_EMPTY_BODY = YES;
				CLANG_WARN_ENUM_CONVERSION = YES;
				CLANG_WARN_INFINITE_RECURSION = YES;
				CLANG_WARN_INT_CONVERSION = YES;
				CLANG_WARN_NON_LITERAL_NULL_CONVERSION = YES;
				CLANG_WARN_OBJC_IMPLICIT_RETAIN_SELF = YES;
				CLANG_WARN_OBJC_LITERAL_CONVERSION = YES;
				CLANG_WARN_OBJC_ROOT_CLASS = YES_ERROR;
				CLANG_WARN_QUOTED_INCLUDE_IN_FRAMEWORK_HEADER = YES;
				CLANG_WARN_RANGE_LOOP_ANALYSIS = YES;
				CLANG_WARN_STRICT_PROTOTYPES = YES;
				CLANG_WARN_SUSPICIOUS_MOVE = YES;
				CLANG_WARN_UNGUARDED_AVAILABILITY = YES_AGGRESSIVE;
				CLANG_WARN_UNREACHABLE_CODE = YES;
				CLANG_WARN__DUPLICATE_METHOD_MATCH = YES;
				COPY_PHASE_STRIP = NO;
				DEBUG_INFORMATION_FORMAT = dwarf;
				ENABLE_STRICT_OBJC_MSGSEND = YES;
				ENABLE_TESTABILITY = YES;
				GCC_C_LANGUAGE_STANDARD = gnu11;
				GCC_DYNAMIC_NO_PIC = NO;
				GCC_NO_COMMON_BLOCKS = YES;
				GCC_OPTIMIZATION_LEVEL = 0;
				GCC_PREPROCESSOR_DEFINITIONS = (
					"DEBUG=1",
					"$(inherited)",
				);
				GCC_WARN_64_TO_32_BIT_CONVERSION = YES;
				GCC_WARN_ABOUT_RETURN_TYPE = YES_ERROR;
				GCC_WARN_UNDECLARED_SELECTOR = YES;
				GCC_WARN_UNINITIALIZED_AUTOS = YES_AGGRESSIVE;
				GCC_WARN_UNUSED_FUNCTION = YES;
				GCC_WARN_UNUSED_VARIABLE = YES;
				IPHONEOS_DEPLOYMENT_TARGET = 16.1;
				MTL_ENABLE_DEBUG_INFO = INCLUDE_SOURCE;
				MTL_FAST_MATH = YES;
				ONLY_ACTIVE_ARCH = YES;
				SDKROOT = iphoneos;
				SWIFT_ACTIVE_COMPILATION_CONDITIONS = DEBUG;
				SWIFT_OPTIMIZATION_LEVEL = "-Onone";
			};
			name = Debug;
		};
		561455DB294324750090D949 /* Release */ = {
			isa = XCBuildConfiguration;
			buildSettings = {
				ALWAYS_SEARCH_USER_PATHS = NO;
				CLANG_ANALYZER_NONNULL = YES;
				CLANG_ANALYZER_NUMBER_OBJECT_CONVERSION = YES_AGGRESSIVE;
				CLANG_CXX_LANGUAGE_STANDARD = "gnu++20";
				CLANG_ENABLE_MODULES = YES;
				CLANG_ENABLE_OBJC_ARC = YES;
				CLANG_ENABLE_OBJC_WEAK = YES;
				CLANG_WARN_BLOCK_CAPTURE_AUTORELEASING = YES;
				CLANG_WARN_BOOL_CONVERSION = YES;
				CLANG_WARN_COMMA = YES;
				CLANG_WARN_CONSTANT_CONVERSION = YES;
				CLANG_WARN_DEPRECATED_OBJC_IMPLEMENTATIONS = YES;
				CLANG_WARN_DIRECT_OBJC_ISA_USAGE = YES_ERROR;
				CLANG_WARN_DOCUMENTATION_COMMENTS = YES;
				CLANG_WARN_EMPTY_BODY = YES;
				CLANG_WARN_ENUM_CONVERSION = YES;
				CLANG_WARN_INFINITE_RECURSION = YES;
				CLANG_WARN_INT_CONVERSION = YES;
				CLANG_WARN_NON_LITERAL_NULL_CONVERSION = YES;
				CLANG_WARN_OBJC_IMPLICIT_RETAIN_SELF = YES;
				CLANG_WARN_OBJC_LITERAL_CONVERSION = YES;
				CLANG_WARN_OBJC_ROOT_CLASS = YES_ERROR;
				CLANG_WARN_QUOTED_INCLUDE_IN_FRAMEWORK_HEADER = YES;
				CLANG_WARN_RANGE_LOOP_ANALYSIS = YES;
				CLANG_WARN_STRICT_PROTOTYPES = YES;
				CLANG_WARN_SUSPICIOUS_MOVE = YES;
				CLANG_WARN_UNGUARDED_AVAILABILITY = YES_AGGRESSIVE;
				CLANG_WARN_UNREACHABLE_CODE = YES;
				CLANG_WARN__DUPLICATE_METHOD_MATCH = YES;
				COPY_PHASE_STRIP = NO;
				DEBUG_INFORMATION_FORMAT = "dwarf-with-dsym";
				ENABLE_NS_ASSERTIONS = NO;
				ENABLE_STRICT_OBJC_MSGSEND = YES;
				GCC_C_LANGUAGE_STANDARD = gnu11;
				GCC_NO_COMMON_BLOCKS = YES;
				GCC_WARN_64_TO_32_BIT_CONVERSION = YES;
				GCC_WARN_ABOUT_RETURN_TYPE = YES_ERROR;
				GCC_WARN_UNDECLARED_SELECTOR = YES;
				GCC_WARN_UNINITIALIZED_AUTOS = YES_AGGRESSIVE;
				GCC_WARN_UNUSED_FUNCTION = YES;
				GCC_WARN_UNUSED_VARIABLE = YES;
				IPHONEOS_DEPLOYMENT_TARGET = 16.1;
				MTL_ENABLE_DEBUG_INFO = NO;
				MTL_FAST_MATH = YES;
				SDKROOT = iphoneos;
				SWIFT_COMPILATION_MODE = wholemodule;
				SWIFT_OPTIMIZATION_LEVEL = "-O";
				VALIDATE_PRODUCT = YES;
			};
			name = Release;
		};
		561455DD294324750090D949 /* Debug */ = {
			isa = XCBuildConfiguration;
			buildSettings = {
				ASSETCATALOG_COMPILER_APPICON_NAME = AppIcon;
				ASSETCATALOG_COMPILER_GLOBAL_ACCENT_COLOR_NAME = AccentColor;
				CODE_SIGN_STYLE = Automatic;
				CURRENT_PROJECT_VERSION = 1;
				DEVELOPMENT_ASSET_PATHS = "\"SwiftCoin/Preview Content\"";
				DEVELOPMENT_TEAM = RNMX67996D;
				ENABLE_PREVIEWS = YES;
				GENERATE_INFOPLIST_FILE = YES;
				INFOPLIST_KEY_UIApplicationSceneManifest_Generation = YES;
				INFOPLIST_KEY_UIApplicationSupportsIndirectInputEvents = YES;
				INFOPLIST_KEY_UILaunchScreen_Generation = YES;
				INFOPLIST_KEY_UISupportedInterfaceOrientations_iPad = "UIInterfaceOrientationPortrait UIInterfaceOrientationPortraitUpsideDown UIInterfaceOrientationLandscapeLeft UIInterfaceOrientationLandscapeRight";
				INFOPLIST_KEY_UISupportedInterfaceOrientations_iPhone = "UIInterfaceOrientationPortrait UIInterfaceOrientationLandscapeLeft UIInterfaceOrientationLandscapeRight";
				LD_RUNPATH_SEARCH_PATHS = (
					"$(inherited)",
					"@executable_path/Frameworks",
				);
				MARKETING_VERSION = 1.0;
				PRODUCT_BUNDLE_IDENTIFIER = com.asf.SwiftCoin;
				PRODUCT_NAME = "$(TARGET_NAME)";
				SWIFT_EMIT_LOC_STRINGS = YES;
				SWIFT_VERSION = 5.0;
				TARGETED_DEVICE_FAMILY = "1,2";
			};
			name = Debug;
		};
		561455DE294324750090D949 /* Release */ = {
			isa = XCBuildConfiguration;
			buildSettings = {
				ASSETCATALOG_COMPILER_APPICON_NAME = AppIcon;
				ASSETCATALOG_COMPILER_GLOBAL_ACCENT_COLOR_NAME = AccentColor;
				CODE_SIGN_STYLE = Automatic;
				CURRENT_PROJECT_VERSION = 1;
				DEVELOPMENT_ASSET_PATHS = "\"SwiftCoin/Preview Content\"";
				DEVELOPMENT_TEAM = RNMX67996D;
				ENABLE_PREVIEWS = YES;
				GENERATE_INFOPLIST_FILE = YES;
				INFOPLIST_KEY_UIApplicationSceneManifest_Generation = YES;
				INFOPLIST_KEY_UIApplicationSupportsIndirectInputEvents = YES;
				INFOPLIST_KEY_UILaunchScreen_Generation = YES;
				INFOPLIST_KEY_UISupportedInterfaceOrientations_iPad = "UIInterfaceOrientationPortrait UIInterfaceOrientationPortraitUpsideDown UIInterfaceOrientationLandscapeLeft UIInterfaceOrientationLandscapeRight";
				INFOPLIST_KEY_UISupportedInterfaceOrientations_iPhone = "UIInterfaceOrientationPortrait UIInterfaceOrientationLandscapeLeft UIInterfaceOrientationLandscapeRight";
				LD_RUNPATH_SEARCH_PATHS = (
					"$(inherited)",
					"@executable_path/Frameworks",
				);
				MARKETING_VERSION = 1.0;
				PRODUCT_BUNDLE_IDENTIFIER = com.asf.SwiftCoin;
				PRODUCT_NAME = "$(TARGET_NAME)";
				SWIFT_EMIT_LOC_STRINGS = YES;
				SWIFT_VERSION = 5.0;
				TARGETED_DEVICE_FAMILY = "1,2";
			};
			name = Release;
		};
/* End XCBuildConfiguration section */

/* Begin XCConfigurationList section */
		561455C9294324740090D949 /* Build configuration list for PBXProject "SwiftCoin" */ = {
			isa = XCConfigurationList;
			buildConfigurations = (
				561455DA294324750090D949 /* Debug */,
				561455DB294324750090D949 /* Release */,
			);
			defaultConfigurationIsVisible = 0;
			defaultConfigurationName = Release;
		};
		561455DC294324750090D949 /* Build configuration list for PBXNativeTarget "SwiftCoin" */ = {
			isa = XCConfigurationList;
			buildConfigurations = (
				561455DD294324750090D949 /* Debug */,
				561455DE294324750090D949 /* Release */,
			);
			defaultConfigurationIsVisible = 0;
			defaultConfigurationName = Release;
		};
/* End XCConfigurationList section */

/* Begin XCRemoteSwiftPackageReference section */
		561455F8294354170090D949 /* XCRemoteSwiftPackageReference "Kingfisher" */ = {
			isa = XCRemoteSwiftPackageReference;
			repositoryURL = "https://github.com/onevcat/Kingfisher";
			requirement = {
				kind = upToNextMajorVersion;
				minimumVersion = 7.0.0;
			};
		};
/* End XCRemoteSwiftPackageReference section */

/* Begin XCSwiftPackageProductDependency section */
		561455F9294354170090D949 /* Kingfisher */ = {
			isa = XCSwiftPackageProductDependency;
			package = 561455F8294354170090D949 /* XCRemoteSwiftPackageReference "Kingfisher" */;
			productName = Kingfisher;
		};
/* End XCSwiftPackageProductDependency section */
	};
	rootObject = 561455C6294324740090D949 /* Project object */;
}
